lockfileVersion: '9.0'

settings:
  autoInstallPeers: true
  excludeLinksFromLockfile: false

importers:

  .:
    dependencies:
      '@actions/expressions':
        specifier: ^0.3.44
        version: 0.3.44
      '@keycloak/keycloak-admin-client':
        specifier: ^26.5.2
        version: 26.5.2
      '@scouterna/scoutnet':
        specifier: ^0.3.24
        version: 0.3.24
      '@types/node':
        specifier: ^24.10.9
        version: 24.10.9
      arktype:
        specifier: ^2.1.29
        version: 2.1.29
      yaml:
        specifier: ^2.8.2
        version: 2.8.2
    devDependencies:
      '@biomejs/biome':
        specifier: 2.3.13
        version: 2.3.13

packages:

  '@actions/expressions@0.3.44':
    resolution: {integrity: sha512-Ix5p8nilwVZolpK6Oukm/rzowiCZGBKTTeN1IqR4ZKMuM949ets3y4jLNNPm64a/dCZTEgXzGnNp7CxMiuv7oQ==}
    engines: {node: '>= 18'}

  '@ark/schema@0.56.0':
    resolution: {integrity: sha512-ECg3hox/6Z/nLajxXqNhgPtNdHWC9zNsDyskwO28WinoFEnWow4IsERNz9AnXRhTZJnYIlAJ4uGn3nlLk65vZA==}

  '@ark/util@0.56.0':
    resolution: {integrity: sha512-BghfRC8b9pNs3vBoDJhcta0/c1J1rsoS1+HgVUreMFPdhz/CRAKReAu57YEllNaSy98rWAdY1gE+gFup7OXpgA==}

  '@biomejs/biome@2.3.13':
    resolution: {integrity: sha512-Fw7UsV0UAtWIBIm0M7g5CRerpu1eKyKAXIazzxhbXYUyMkwNrkX/KLkGI7b+uVDQ5cLUMfOC9vR60q9IDYDstA==}
    engines: {node: '>=14.21.3'}
    hasBin: true

  '@biomejs/cli-darwin-arm64@2.3.13':
    resolution: {integrity: sha512-0OCwP0/BoKzyJHnFdaTk/i7hIP9JHH9oJJq6hrSCPmJPo8JWcJhprK4gQlhFzrwdTBAW4Bjt/RmCf3ZZe59gwQ==}
    engines: {node: '>=14.21.3'}
    cpu: [arm64]
    os: [darwin]

  '@biomejs/cli-darwin-x64@2.3.13':
    resolution: {integrity: sha512-AGr8OoemT/ejynbIu56qeil2+F2WLkIjn2d8jGK1JkchxnMUhYOfnqc9sVzcRxpG9Ycvw4weQ5sprRvtb7Yhcw==}
    engines: {node: '>=14.21.3'}
    cpu: [x64]
    os: [darwin]

  '@biomejs/cli-linux-arm64-musl@2.3.13':
    resolution: {integrity: sha512-TUdDCSY+Eo/EHjhJz7P2GnWwfqet+lFxBZzGHldrvULr59AgahamLs/N85SC4+bdF86EhqDuuw9rYLvLFWWlXA==}
    engines: {node: '>=14.21.3'}
    cpu: [arm64]
    os: [linux]
    libc: [musl]

  '@biomejs/cli-linux-arm64@2.3.13':
    resolution: {integrity: sha512-xvOiFkrDNu607MPMBUQ6huHmBG1PZLOrqhtK6pXJW3GjfVqJg0Z/qpTdhXfcqWdSZHcT+Nct2fOgewZvytESkw==}
    engines: {node: '>=14.21.3'}
    cpu: [arm64]
    os: [linux]
    libc: [glibc]

  '@biomejs/cli-linux-x64-musl@2.3.13':
    resolution: {integrity: sha512-0bdwFVSbbM//Sds6OjtnmQGp4eUjOTt6kHvR/1P0ieR9GcTUAlPNvPC3DiavTqq302W34Ae2T6u5VVNGuQtGlQ==}
    engines: {node: '>=14.21.3'}
    cpu: [x64]
    os: [linux]
    libc: [musl]

  '@biomejs/cli-linux-x64@2.3.13':
    resolution: {integrity: sha512-s+YsZlgiXNq8XkgHs6xdvKDFOj/bwTEevqEY6rC2I3cBHbxXYU1LOZstH3Ffw9hE5tE1sqT7U23C00MzkXztMw==}
    engines: {node: '>=14.21.3'}
    cpu: [x64]
    os: [linux]
    libc: [glibc]

  '@biomejs/cli-win32-arm64@2.3.13':
    resolution: {integrity: sha512-QweDxY89fq0VvrxME+wS/BXKmqMrOTZlN9SqQ79kQSIc3FrEwvW/PvUegQF6XIVaekncDykB5dzPqjbwSKs9DA==}
    engines: {node: '>=14.21.3'}
    cpu: [arm64]
    os: [win32]

  '@biomejs/cli-win32-x64@2.3.13':
    resolution: {integrity: sha512-trDw2ogdM2lyav9WFQsdsfdVy1dvZALymRpgmWsvSez0BJzBjulhOT/t+wyKeh3pZWvwP3VMs1SoOKwO3wecMQ==}
    engines: {node: '>=14.21.3'}
    cpu: [x64]
    os: [win32]

  '@keycloak/keycloak-admin-client@26.5.2':
    resolution: {integrity: sha512-KAwSj/qzncpExWagW5vny3sD1jtynESjhHVZBtAbQRURm00EBbHS8YxdtcEsnY641bxAc0+MWU1SclOkCl8ftg==}
    engines: {node: '>=18'}

  '@scouterna/scoutnet@0.3.24':
    resolution: {integrity: sha512-6Acxr000Zs1pN/yULUlaGElkpgeayY17lN5+Tmzth7qr/s1OYWPS835fLsm+jNT6FOItLHFWGwhbaobvC1On6A==}

  '@types/node@24.10.9':
    resolution: {integrity: sha512-ne4A0IpG3+2ETuREInjPNhUGis1SFjv1d5asp8MzEAGtOZeTeHVDOYqOgqfhvseqg/iXty2hjBf1zAOb7RNiNw==}

  arkregex@0.0.5:
    resolution: {integrity: sha512-ncYjBdLlh5/QnVsAA8De16Tc9EqmYM7y/WU9j+236KcyYNUXogpz3sC4ATIZYzzLxwI+0sEOaQLEmLmRleaEXw==}

  arktype@2.1.29:
    resolution: {integrity: sha512-jyfKk4xIOzvYNayqnD8ZJQqOwcrTOUbIU4293yrzAjA3O1dWh61j71ArMQ6tS/u4pD7vabSPe7nG3RCyoXW6RQ==}

  camelize-ts@3.0.0:
    resolution: {integrity: sha512-cgRwKKavoDKLTjO4FQTs3dRBePZp/2Y9Xpud0FhuCOTE86M2cniKN4CCXgRnsyXNMmQMifVHcv6SPaMtTx6ofQ==}
    engines: {node: ^12.20.0 || ^14.13.1 || >=16.0.0}

  openapi-fetch@0.13.8:
    resolution: {integrity: sha512-yJ4QKRyNxE44baQ9mY5+r/kAzZ8yXMemtNAOFwOzRXJscdjSxxzWSNlyBAr+o5JjkUw9Lc3W7OIoca0cY3PYnQ==}

  openapi-typescript-helpers@0.0.15:
    resolution: {integrity: sha512-opyTPaunsklCBpTK8JGef6mfPhLSnyy5a0IN9vKtx3+4aExf+KxEqYwIy3hqkedXIB97u357uLMJsOnm3GVjsw==}

  undici-types@7.16.0:
    resolution: {integrity: sha512-Zz+aZWSj8LE6zoxD+xrjh4VfkIG8Ya6LvYkZqtUQGJPZjYl53ypCaUwWqo7eI0x66KBGeRo+mlBEkMSeSZ38Nw==}

  url-template@3.1.1:
    resolution: {integrity: sha512-4oszoaEKE/mQOtAmdMWqIRHmkxWkUZMnXFnjQ5i01CuRSK3uluxcH1MRVVVWmhlnzT1SCDfKxxficm2G37qzCA==}
    engines: {node: ^12.20.0 || ^14.13.1 || >=16.0.0}

  yaml@2.8.2:
    resolution: {integrity: sha512-mplynKqc1C2hTVYxd0PU2xQAc22TI1vShAYGksCCfxbn/dFwnHTNi1bvYsBTkhdUNtGIf5xNOg938rrSSYvS9A==}
    engines: {node: '>= 14.6'}
    hasBin: true

snapshots:

  '@actions/expressions@0.3.44': {}

  '@ark/schema@0.56.0':
    dependencies:
      '@ark/util': 0.56.0

  '@ark/util@0.56.0': {}

  '@biomejs/biome@2.3.13':
    optionalDependencies:
      '@biomejs/cli-darwin-arm64': 2.3.13
      '@biomejs/cli-darwin-x64': 2.3.13
      '@biomejs/cli-linux-arm64': 2.3.13
      '@biomejs/cli-linux-arm64-musl': 2.3.13
      '@biomejs/cli-linux-x64': 2.3.13
      '@biomejs/cli-linux-x64-musl': 2.3.13
      '@biomejs/cli-win32-arm64': 2.3.13
      '@biomejs/cli-win32-x64': 2.3.13

  '@biomejs/cli-darwin-arm64@2.3.13':
    optional: true

  '@biomejs/cli-darwin-x64@2.3.13':
    optional: true

  '@biomejs/cli-linux-arm64-musl@2.3.13':
    optional: true

  '@biomejs/cli-linux-arm64@2.3.13':
    optional: true

  '@biomejs/cli-linux-x64-musl@2.3.13':
    optional: true

  '@biomejs/cli-linux-x64@2.3.13':
    optional: true

  '@biomejs/cli-win32-arm64@2.3.13':
    optional: true

  '@biomejs/cli-win32-x64@2.3.13':
    optional: true

  '@keycloak/keycloak-admin-client@26.5.2':
    dependencies:
      camelize-ts: 3.0.0
      url-template: 3.1.1

  '@scouterna/scoutnet@0.3.24':
    dependencies:
      openapi-fetch: 0.13.8

  '@types/node@24.10.9':
    dependencies:
      undici-types: 7.16.0

  arkregex@0.0.5:
    dependencies:
      '@ark/util': 0.56.0

  arktype@2.1.29:
    dependencies:
      '@ark/schema': 0.56.0
      '@ark/util': 0.56.0
      arkregex: 0.0.5

  camelize-ts@3.0.0: {}

  openapi-fetch@0.13.8:
    dependencies:
      openapi-typescript-helpers: 0.0.15

  openapi-typescript-helpers@0.0.15: {}

  undici-types@7.16.0: {}

  url-template@3.1.1: {}

  yaml@2.8.2: {}
