lockfileVersion: '9.0'

settings:
  autoInstallPeers: true
  excludeLinksFromLockfile: false

importers:

  .:
    dependencies:
      '@actions/expressions':
        specifier: ^0.3.44
        version: 0.3.44
      '@keycloak/keycloak-admin-client':
        specifier: ^26.5.2
        version: 26.5.2
      '@scouterna/scoutnet':
        specifier: ^0.3.24
        version: 0.3.24
      '@types/node':
        specifier: ^24.10.9
        version: 24.10.9
      arkenv:
        specifier: ^0.10.0
        version: 0.10.0(arktype@2.1.29)
      arktype:
        specifier: ^2.1.29
        version: 2.1.29
      p-limit:
        specifier: ^7.3.0
        version: 7.3.0
      yaml:
        specifier: ^2.8.2
        version: 2.8.2
    devDependencies:
      '@biomejs/biome':
        specifier: 2.4.4
        version: 2.4.4

packages:

  '@actions/expressions@0.3.44':
    resolution: {integrity: sha512-Ix5p8nilwVZolpK6Oukm/rzowiCZGBKTTeN1IqR4ZKMuM949ets3y4jLNNPm64a/dCZTEgXzGnNp7CxMiuv7oQ==}
    engines: {node: '>= 18'}

  '@ark/schema@0.56.0':
    resolution: {integrity: sha512-ECg3hox/6Z/nLajxXqNhgPtNdHWC9zNsDyskwO28WinoFEnWow4IsERNz9AnXRhTZJnYIlAJ4uGn3nlLk65vZA==}

  '@ark/util@0.56.0':
    resolution: {integrity: sha512-BghfRC8b9pNs3vBoDJhcta0/c1J1rsoS1+HgVUreMFPdhz/CRAKReAu57YEllNaSy98rWAdY1gE+gFup7OXpgA==}

  '@biomejs/biome@2.4.4':
    resolution: {integrity: sha512-tigwWS5KfJf0cABVd52NVaXyAVv4qpUXOWJ1rxFL8xF1RVoeS2q/LK+FHgYoKMclJCuRoCWAPy1IXaN9/mS61Q==}
    engines: {node: '>=14.21.3'}
    hasBin: true

  '@biomejs/cli-darwin-arm64@2.4.4':
    resolution: {integrity: sha512-jZ+Xc6qvD6tTH5jM6eKX44dcbyNqJHssfl2nnwT6vma6B1sj7ZLTGIk6N5QwVBs5xGN52r3trk5fgd3sQ9We9A==}
    engines: {node: '>=14.21.3'}
    cpu: [arm64]
    os: [darwin]

  '@biomejs/cli-darwin-x64@2.4.4':
    resolution: {integrity: sha512-Dh1a/+W+SUCXhEdL7TiX3ArPTFCQKJTI1mGncZNWfO+6suk+gYA4lNyJcBB+pwvF49uw0pEbUS49BgYOY4hzUg==}
    engines: {node: '>=14.21.3'}
    cpu: [x64]
    os: [darwin]

  '@biomejs/cli-linux-arm64-musl@2.4.4':
    resolution: {integrity: sha512-+sPAXq3bxmFwhVFJnSwkSF5Rw2ZAJMH3MF6C9IveAEOdSpgajPhoQhbbAK12SehN9j2QrHpk4J/cHsa/HqWaYQ==}
    engines: {node: '>=14.21.3'}
    cpu: [arm64]
    os: [linux]
    libc: [musl]

  '@biomejs/cli-linux-arm64@2.4.4':
    resolution: {integrity: sha512-V/NFfbWhsUU6w+m5WYbBenlEAz8eYnSqRMDMAW3K+3v0tYVkNyZn8VU0XPxk/lOqNXLSCCrV7FmV/u3SjCBShg==}
    engines: {node: '>=14.21.3'}
    cpu: [arm64]
    os: [linux]
    libc: [glibc]

  '@biomejs/cli-linux-x64-musl@2.4.4':
    resolution: {integrity: sha512-gGvFTGpOIQDb5CQ2VC0n9Z2UEqlP46c4aNgHmAMytYieTGEcfqhfCFnhs6xjt0S3igE6q5GLuIXtdQt3Izok+g==}
    engines: {node: '>=14.21.3'}
    cpu: [x64]
    os: [linux]
    libc: [musl]

  '@biomejs/cli-linux-x64@2.4.4':
    resolution: {integrity: sha512-R4+ZCDtG9kHArasyBO+UBD6jr/FcFCTH8QkNTOCu0pRJzCWyWC4EtZa2AmUZB5h3e0jD7bRV2KvrENcf8rndBg==}
    engines: {node: '>=14.21.3'}
    cpu: [x64]
    os: [linux]
    libc: [glibc]

  '@biomejs/cli-win32-arm64@2.4.4':
    resolution: {integrity: sha512-trzCqM7x+Gn832zZHgr28JoYagQNX4CZkUZhMUac2YxvvyDRLJDrb5m9IA7CaZLlX6lTQmADVfLEKP1et1Ma4Q==}
    engines: {node: '>=14.21.3'}
    cpu: [arm64]
    os: [win32]

  '@biomejs/cli-win32-x64@2.4.4':
    resolution: {integrity: sha512-gnOHKVPFAAPrpoPt2t+Q6FZ7RPry/FDV3GcpU53P3PtLNnQjBmKyN2Vh/JtqXet+H4pme8CC76rScwdjDcT1/A==}
    engines: {node: '>=14.21.3'}
    cpu: [x64]
    os: [win32]

  '@keycloak/keycloak-admin-client@26.5.2':
    resolution: {integrity: sha512-KAwSj/qzncpExWagW5vny3sD1jtynESjhHVZBtAbQRURm00EBbHS8YxdtcEsnY641bxAc0+MWU1SclOkCl8ftg==}
    engines: {node: '>=18'}

  '@scouterna/scoutnet@0.3.24':
    resolution: {integrity: sha512-6Acxr000Zs1pN/yULUlaGElkpgeayY17lN5+Tmzth7qr/s1OYWPS835fLsm+jNT6FOItLHFWGwhbaobvC1On6A==}

  '@types/node@24.10.9':
    resolution: {integrity: sha512-ne4A0IpG3+2ETuREInjPNhUGis1SFjv1d5asp8MzEAGtOZeTeHVDOYqOgqfhvseqg/iXty2hjBf1zAOb7RNiNw==}

  arkenv@0.10.0:
    resolution: {integrity: sha512-81IlOJ6PErSMQtuJ5c18gBl1EmgIngBzYdTbIihdPLUZaNHpFOZqdVNiRE8zxruxL0USEfrMKUXhuaanhGc+rQ==}
    peerDependencies:
      arktype: ^2.1.22
    peerDependenciesMeta:
      arktype:
        optional: true

  arkregex@0.0.5:
    resolution: {integrity: sha512-ncYjBdLlh5/QnVsAA8De16Tc9EqmYM7y/WU9j+236KcyYNUXogpz3sC4ATIZYzzLxwI+0sEOaQLEmLmRleaEXw==}

  arktype@2.1.29:
    resolution: {integrity: sha512-jyfKk4xIOzvYNayqnD8ZJQqOwcrTOUbIU4293yrzAjA3O1dWh61j71ArMQ6tS/u4pD7vabSPe7nG3RCyoXW6RQ==}

  camelize-ts@3.0.0:
    resolution: {integrity: sha512-cgRwKKavoDKLTjO4FQTs3dRBePZp/2Y9Xpud0FhuCOTE86M2cniKN4CCXgRnsyXNMmQMifVHcv6SPaMtTx6ofQ==}
    engines: {node: ^12.20.0 || ^14.13.1 || >=16.0.0}

  openapi-fetch@0.13.8:
    resolution: {integrity: sha512-yJ4QKRyNxE44baQ9mY5+r/kAzZ8yXMemtNAOFwOzRXJscdjSxxzWSNlyBAr+o5JjkUw9Lc3W7OIoca0cY3PYnQ==}

  openapi-typescript-helpers@0.0.15:
    resolution: {integrity: sha512-opyTPaunsklCBpTK8JGef6mfPhLSnyy5a0IN9vKtx3+4aExf+KxEqYwIy3hqkedXIB97u357uLMJsOnm3GVjsw==}

  p-limit@7.3.0:
    resolution: {integrity: sha512-7cIXg/Z0M5WZRblrsOla88S4wAK+zOQQWeBYfV3qJuJXMr+LnbYjaadrFaS0JILfEDPVqHyKnZ1Z/1d6J9VVUw==}
    engines: {node: '>=20'}

  undici-types@7.16.0:
    resolution: {integrity: sha512-Zz+aZWSj8LE6zoxD+xrjh4VfkIG8Ya6LvYkZqtUQGJPZjYl53ypCaUwWqo7eI0x66KBGeRo+mlBEkMSeSZ38Nw==}

  url-template@3.1.1:
    resolution: {integrity: sha512-4oszoaEKE/mQOtAmdMWqIRHmkxWkUZMnXFnjQ5i01CuRSK3uluxcH1MRVVVWmhlnzT1SCDfKxxficm2G37qzCA==}
    engines: {node: ^12.20.0 || ^14.13.1 || >=16.0.0}

  yaml@2.8.2:
    resolution: {integrity: sha512-mplynKqc1C2hTVYxd0PU2xQAc22TI1vShAYGksCCfxbn/dFwnHTNi1bvYsBTkhdUNtGIf5xNOg938rrSSYvS9A==}
    engines: {node: '>= 14.6'}
    hasBin: true

  yocto-queue@1.2.2:
    resolution: {integrity: sha512-4LCcse/U2MHZ63HAJVE+v71o7yOdIe4cZ70Wpf8D/IyjDKYQLV5GD46B+hSTjJsvV5PztjvHoU580EftxjDZFQ==}
    engines: {node: '>=12.20'}

snapshots:

  '@actions/expressions@0.3.44': {}

  '@ark/schema@0.56.0':
    dependencies:
      '@ark/util': 0.56.0

  '@ark/util@0.56.0': {}

  '@biomejs/biome@2.4.4':
    optionalDependencies:
      '@biomejs/cli-darwin-arm64': 2.4.4
      '@biomejs/cli-darwin-x64': 2.4.4
      '@biomejs/cli-linux-arm64': 2.4.4
      '@biomejs/cli-linux-arm64-musl': 2.4.4
      '@biomejs/cli-linux-x64': 2.4.4
      '@biomejs/cli-linux-x64-musl': 2.4.4
      '@biomejs/cli-win32-arm64': 2.4.4
      '@biomejs/cli-win32-x64': 2.4.4

  '@biomejs/cli-darwin-arm64@2.4.4':
    optional: true

  '@biomejs/cli-darwin-x64@2.4.4':
    optional: true

  '@biomejs/cli-linux-arm64-musl@2.4.4':
    optional: true

  '@biomejs/cli-linux-arm64@2.4.4':
    optional: true

  '@biomejs/cli-linux-x64-musl@2.4.4':
    optional: true

  '@biomejs/cli-linux-x64@2.4.4':
    optional: true

  '@biomejs/cli-win32-arm64@2.4.4':
    optional: true

  '@biomejs/cli-win32-x64@2.4.4':
    optional: true

  '@keycloak/keycloak-admin-client@26.5.2':
    dependencies:
      camelize-ts: 3.0.0
      url-template: 3.1.1

  '@scouterna/scoutnet@0.3.24':
    dependencies:
      openapi-fetch: 0.13.8

  '@types/node@24.10.9':
    dependencies:
      undici-types: 7.16.0

  arkenv@0.10.0(arktype@2.1.29):
    optionalDependencies:
      arktype: 2.1.29

  arkregex@0.0.5:
    dependencies:
      '@ark/util': 0.56.0

  arktype@2.1.29:
    dependencies:
      '@ark/schema': 0.56.0
      '@ark/util': 0.56.0
      arkregex: 0.0.5

  camelize-ts@3.0.0: {}

  openapi-fetch@0.13.8:
    dependencies:
      openapi-typescript-helpers: 0.0.15

  openapi-typescript-helpers@0.0.15: {}

  p-limit@7.3.0:
    dependencies:
      yocto-queue: 1.2.2

  undici-types@7.16.0: {}

  url-template@3.1.1: {}

  yaml@2.8.2: {}

  yocto-queue@1.2.2: {}
